schema: '2.0'
stages:
  data_ingestion:
    cmd: python -m src.data.data_ingestion
    deps:
    - path: src/data/data_ingestion.py
      hash: md5
      md5: 060a1874d937e7cd7673d0dd24ef12aa
      size: 490
    outs:
    - path: data/raw/data.csv
      hash: md5
      md5: b14625d3ab4a4b4eb29fa1c77068e8e2
      size: 6874675
  data_preprocessing:
    cmd: python -m src.data.data_preprocessing
    deps:
    - path: data/raw/data.csv
      hash: md5
      md5: b14625d3ab4a4b4eb29fa1c77068e8e2
      size: 6874675
    - path: src/data/data_preprocessing.py
      hash: md5
      md5: cb97e3aebe32c5bd2440f1b39785a1c6
      size: 1797
    outs:
    - path: data/processed/test_data.csv
      hash: md5
      md5: b1e42aa6c027382d019f187b9162ede3
      size: 1399936
    - path: data/processed/train_data.csv
      hash: md5
      md5: e74a90af7d13bb904d2f48240337ce53
      size: 5474750
  feature_engineering:
    cmd: python -m src.features.feature_engineering
    deps:
    - path: data/processed/test_data.csv
      hash: md5
      md5: b1e42aa6c027382d019f187b9162ede3
      size: 1399936
    - path: data/processed/train_data.csv
      hash: md5
      md5: e74a90af7d13bb904d2f48240337ce53
      size: 5474750
    - path: src/features/feature_engineering.py
      hash: md5
      md5: ee0f6b63d76ad7dabc348f544412a6e3
      size: 1165
    outs:
    - path: data/vectorized/test_vec.joblib
      hash: md5
      md5: 556525fe159639e9c4ac4197d821f0cd
      size: 588800241
    - path: data/vectorized/train_vec.joblib
      hash: md5
      md5: 3006a5cb24c771611a2e22d370cb8288
      size: 2355120241
    - path: model/vectorizer.joblib
      hash: md5
      md5: f9b6c29b093b3320b224cfafc9458b4f
      size: 380363
  model_training:
    cmd: python src/models/modelling_LGBM.py
    deps:
    - path: data/vectorized/train_vec.joblib
      hash: md5
      md5: 3006a5cb24c771611a2e22d370cb8288
      size: 2355120241
    - path: src/models/modelling_LGBM.py
      hash: md5
      md5: 7581f813bded9189188c863fd4045017
      size: 1573
    outs:
    - path: model/model.joblib
      hash: md5
      md5: 2f7ae0852a8462dc76e777ca224a980d
      size: 681244
  evaluation:
    cmd: python src/models/evaluation.py
    deps:
    - path: data/processed/test_data.csv
      hash: md5
      md5: b1e42aa6c027382d019f187b9162ede3
      size: 1399936
    - path: src/models/evaluation.py
      hash: md5
      md5: 8f829e90136720b6fb546e594c8f8936
      size: 2823
    outs:
    - path: experiment_info.json
      hash: md5
      md5: 3264d514df7c030736f3cbf239e21ede
      size: 151
  register_model:
    cmd: python src/models/register_model.py
    deps:
    - path: experiment_info.json
      hash: md5
      md5: 3264d514df7c030736f3cbf239e21ede
      size: 151

